PODS:
  - Backendless (5.0.5):
    - Socket.IO-Client-Swift
  - Socket.IO-Client-Swift (13.2.1):
    - Starscream (~> 3.0.2)
  - Starscream (3.0.5)

DEPENDENCIES:
  - Backendless

SPEC REPOS:
  https://github.com/cocoapods/specs.git:
    - Backendless
    - Socket.IO-Client-Swift
    - Starscream

SPEC CHECKSUMS:
  Backendless: 011228cfbe0ad627617216c1cc052c58737a9c5b
  Socket.IO-Client-Swift: b94943e2fb916fe2f95244b9ed21828634002280
  Starscream: faf918b2f2eff7d5dd21180646bf015a669673bd

PODFILE CHECKSUM: d102d8a20e99e54eddc2f0a027d90c71a7864a34

COCOAPODS: 1.5.3
